{
  "requires": true,
  "lockfileVersion": 1,
  "dependencies": {
    "@firstandthird/toc": {
      "version": "2.1.0",
      "resolved": "https://registry.npmjs.org/@firstandthird/toc/-/toc-2.1.0.tgz",
      "integrity": "sha512-2qKR7k0loho0W7XgVRTXuoDb6uDDyWjhoKvriZqn5qlD00EG8+XULNdvwjKoX8V/qe9Dj722slQSZ7WwK/ttWQ==",
      "requires": {
        "domassist": "^2.2.0",
        "scroll-triggers": "^4.1.0",
        "smooth-scroller": "^2.1.0"
      }
    },
    "attrobj": {
      "version": "3.1.0",
      "resolved": "https://registry.npmjs.org/attrobj/-/attrobj-3.1.0.tgz",
      "integrity": "sha512-YFN+wZSEgER2w5IdIkmNkPiGqi6lRrNKL+VPl+7WnAPenZvnPC6bEmQuxka06Ilwx265x/K6QRh9W5Klav738Q=="
    },
    "domassist": {
      "version": "2.2.0",
      "resolved": "https://registry.npmjs.org/domassist/-/domassist-2.2.0.tgz",
      "integrity": "sha512-fz/B/YgI88m+/fw49tFi1syaGuBuBGA8DkS3J53jkzH+9wD0B8zUwdiExZjQnnJAwI1aXTgNj4nlTlx797zFqQ=="
    },
    "import": {
      "version": "0.0.6",
      "resolved": "https://registry.npmjs.org/import/-/import-0.0.6.tgz",
      "integrity": "sha1-0Ot534aqJnfG22FXilISswMeYEI=",
      "requires": {
        "optimist": "0.3.x"
      }
    },
    "optimist": {
      "version": "0.3.7",
      "resolved": "https://registry.npmjs.org/optimist/-/optimist-0.3.7.tgz",
      "integrity": "sha1-yQlBrVnkJzMokjB00s8ufLxuwNk=",
      "requires": {
        "wordwrap": "~0.0.2"
      }
    },
    "scroll-triggers": {
      "version": "4.4.0",
      "resolved": "https://registry.npmjs.org/scroll-triggers/-/scroll-triggers-4.4.0.tgz",
      "integrity": "sha512-YIIftmghO0YCbmmpOSYUybiVOdvt/WYV3/2/vbhYlt5ZlNV6KTQ/x8xVxPcLPYsWO0ipS9Pf3X0JgGrAsvlb1g==",
      "requires": {
        "attrobj": "^3.1.0",
        "domassist": "^2.2.0",
        "tinybounce": "^1.2.0"
      }
    },
    "smooth-scroller": {
      "version": "2.2.1",
      "resolved": "https://registry.npmjs.org/smooth-scroller/-/smooth-scroller-2.2.1.tgz",
      "integrity": "sha512-5wSVwWBbCSCb5GnWE2TlKQQRu/wHx5llVxaOTCgz+6/f1ycJljJVxNzH4234Ldf1GAc2+flxFOwoUed49FQ03w==",
      "requires": {
        "domassist": "^2.2.0"
      }
    },
    "tinybounce": {
      "version": "1.2.0",
      "resolved": "https://registry.npmjs.org/tinybounce/-/tinybounce-1.2.0.tgz",
      "integrity": "sha512-PmBqt4B0DnZrHbs24WE0XthPO1bZYKSeMj6KOG00GIk7R6tlsAkq/wCaxMU9eYPPAmp6+HMzOtiQOj2qKIf8kg=="
    },
    "wordwrap": {
      "version": "0.0.3",
      "resolved": "https://registry.npmjs.org/wordwrap/-/wordwrap-0.0.3.tgz",
      "integrity": "sha1-o9XabNXAvAAI03I0u68b7WMFkQc="
    }
  }
}
